Microsoft Visual Studio Solution File, Format Version 12.00
# Visual Studio Version 17
VisualStudioVersion = 17.5.2.0
MinimumVisualStudioVersion = 10.0.40219.1
Project("{FAE04EC0-301F-11D3-BF4B-00C04F79EFBC}") = "ExcelToSQLite", "ExcelToSQLite.csproj", "{4CD98E0E-99E6-6D6F-B1E7-106F40BF11F0}"
EndProject
Global
	GlobalSection(SolutionConfigurationPlatforms) = preSolution
		Debug|Any CPU = Debug|Any CPU
		Release|Any CPU = Release|Any CPU
	EndGlobalSection
	GlobalSection(ProjectConfigurationPlatforms) = postSolution
		{4CD98E0E-99E6-6D6F-B1E7-106F40BF11F0}.Debug|Any CPU.ActiveCfg = Debug|Any CPU
		{4CD98E0E-99E6-6D6F-B1E7-106F40BF11F0}.Debug|Any CPU.Build.0 = Debug|Any CPU
		{4CD98E0E-99E6-6D6F-B1E7-106F40BF11F0}.Release|Any CPU.ActiveCfg = Release|Any CPU
		{4CD98E0E-99E6-6D6F-B1E7-106F40BF11F0}.Release|Any CPU.Build.0 = Release|Any CPU
	EndGlobalSection
	GlobalSection(SolutionProperties) = preSolution
		HideSolutionNode = FALSE
	EndGlobalSection
	GlobalSection(ExtensibilityGlobals) = postSolution
		SolutionGuid = {BD7B880B-FDD6-42A1-9E97-8756C47FB618}
	EndGlobalSection
EndGlobal
